
Microsoft Visual Studio Solution File, Format Version 12.00
# Visual Studio Version 16
VisualStudioVersion = 16.0.31025.194
MinimumVisualStudioVersion = 10.0.40219.1
Project("{FAE04EC0-301F-11D3-BF4B-00C04F79EFBC}") = "TestAutoResetEvent", "TestAutoResetEvent.csproj", "{C95A4B96-7A6F-4D7E-8145-F7B1A3046B74}"
EndProject
Global
	GlobalSection(SolutionConfigurationPlatforms) = preSolution
		Debug|Any CPU = Debug|Any CPU
		Release|Any CPU = Release|Any CPU
	EndGlobalSection
	GlobalSection(ProjectConfigurationPlatforms) = postSolution
		{C95A4B96-7A6F-4D7E-8145-F7B1A3046B74}.Debug|Any CPU.ActiveCfg = Debug|Any CPU
		{C95A4B96-7A6F-4D7E-8145-F7B1A3046B74}.Debug|Any CPU.Build.0 = Debug|Any CPU
		{C95A4B96-7A6F-4D7E-8145-F7B1A3046B74}.Release|Any CPU.ActiveCfg = Release|Any CPU
		{C95A4B96-7A6F-4D7E-8145-F7B1A3046B74}.Release|Any CPU.Build.0 = Release|Any CPU
	EndGlobalSection
	GlobalSection(SolutionProperties) = preSolution
		HideSolutionNode = FALSE
	EndGlobalSection
	GlobalSection(ExtensibilityGlobals) = postSolution
		SolutionGuid = {675FD4D7-3F6D-4937-A7CE-3876FB1C61D7}
	EndGlobalSection
EndGlobal
